// !$*UTF8*$!
{
	archiveVersion = 1;
	classes = {
	};
	objectVersion = 55;
	objects = {

/* Begin PBXBuildFile section */
		1D4760AC2842727B008159FA /* XRay in Frameworks */ = {isa = PBXBuildFile; productRef = 1D4760AB2842727B008159FA /* XRay */; };
		1DD6A1F528426FF50001AFF5 /* AppDelegate.swift in Sources */ = {isa = PBXBuildFile; fileRef = 1DD6A1F428426FF50001AFF5 /* AppDelegate.swift */; };
		1DD6A1F728426FF50001AFF5 /* SceneDelegate.swift in Sources */ = {isa = PBXBuildFile; fileRef = 1DD6A1F628426FF50001AFF5 /* SceneDelegate.swift */; };
		1DD6A1F928426FF50001AFF5 /* XRayRootViewController.swift in Sources */ = {isa = PBXBuildFile; fileRef = 1DD6A1F828426FF50001AFF5 /* XRayRootViewController.swift */; };
		1DD6A1FC28426FF50001AFF5 /* Main.storyboard in Resources */ = {isa = PBXBuildFile; fileRef = 1DD6A1FA28426FF50001AFF5 /* Main.storyboard */; };
		1DD6A1FE28426FF50001AFF5 /* Assets.xcassets in Resources */ = {isa = PBXBuildFile; fileRef = 1DD6A1FD28426FF50001AFF5 /* Assets.xcassets */; };
		1DD6A20128426FF50001AFF5 /* LaunchScreen.storyboard in Resources */ = {isa = PBXBuildFile; fileRef = 1DD6A1FF28426FF50001AFF5 /* LaunchScreen.storyboard */; };
		1DD6A20C28426FF60001AFF5 /* XRayExampleTests.swift in Sources */ = {isa = PBXBuildFile; fileRef = 1DD6A20B28426FF60001AFF5 /* XRayExampleTests.swift */; };
		1DD6A21628426FF60001AFF5 /* XRayExampleUITests.swift in Sources */ = {isa = PBXBuildFile; fileRef = 1DD6A21528426FF60001AFF5 /* XRayExampleUITests.swift */; };
		1DD6A21828426FF60001AFF5 /* XRayExampleUITestsLaunchTests.swift in Sources */ = {isa = PBXBuildFile; fileRef = 1DD6A21728426FF60001AFF5 /* XRayExampleUITestsLaunchTests.swift */; };
		1DD6A2252842700C0001AFF5 /* UsernameRegistrationView.swift in Sources */ = {isa = PBXBuildFile; fileRef = 1DD6A2242842700C0001AFF5 /* UsernameRegistrationView.swift */; };
/* End PBXBuildFile section */

/* Begin PBXContainerItemProxy section */
		1DD6A20828426FF60001AFF5 /* PBXContainerItemProxy */ = {
			isa = PBXContainerItemProxy;
			containerPortal = 1DD6A1E928426FF50001AFF5 /* Project object */;
			proxyType = 1;
			remoteGlobalIDString = 1DD6A1F028426FF50001AFF5;
			remoteInfo = XRayExample;
		};
		1DD6A21228426FF60001AFF5 /* PBXContainerItemProxy */ = {
			isa = PBXContainerItemProxy;
			containerPortal = 1DD6A1E928426FF50001AFF5 /* Project object */;
			proxyType = 1;
			remoteGlobalIDString = 1DD6A1F028426FF50001AFF5;
			remoteInfo = XRayExample;
		};
/* End PBXContainerItemProxy section */

/* Begin PBXFileReference section */
		1DD6A1F128426FF50001AFF5 /* XRayExample.app */ = {isa = PBXFileReference; explicitFileType = wrapper.application; includeInIndex = 0; path = XRayExample.app; sourceTree = BUILT_PRODUCTS_DIR; };
		1DD6A1F428426FF50001AFF5 /* AppDelegate.swift */ = {isa = PBXFileReference; lastKnownFileType = sourcecode.swift; path = AppDelegate.swift; sourceTree = "<group>"; };
		1DD6A1F628426FF50001AFF5 /* SceneDelegate.swift */ = {isa = PBXFileReference; lastKnownFileType = sourcecode.swift; path = SceneDelegate.swift; sourceTree = "<group>"; };
		1DD6A1F828426FF50001AFF5 /* XRayRootViewController.swift */ = {isa = PBXFileReference; lastKnownFileType = sourcecode.swift; path = XRayRootViewController.swift; sourceTree = "<group>"; };
		1DD6A1FB28426FF50001AFF5 /* Base */ = {isa = PBXFileReference; lastKnownFileType = file.storyboard; name = Base; path = Base.lproj/Main.storyboard; sourceTree = "<group>"; };
		1DD6A1FD28426FF50001AFF5 /* Assets.xcassets */ = {isa = PBXFileReference; lastKnownFileType = folder.assetcatalog; path = Assets.xcassets; sourceTree = "<group>"; };
		1DD6A20028426FF50001AFF5 /* Base */ = {isa = PBXFileReference; lastKnownFileType = file.storyboard; name = Base; path = Base.lproj/LaunchScreen.storyboard; sourceTree = "<group>"; };
		1DD6A20228426FF50001AFF5 /* Info.plist */ = {isa = PBXFileReference; lastKnownFileType = text.plist.xml; path = Info.plist; sourceTree = "<group>"; };
		1DD6A20728426FF60001AFF5 /* XRayExampleTests.xctest */ = {isa = PBXFileReference; explicitFileType = wrapper.cfbundle; includeInIndex = 0; path = XRayExampleTests.xctest; sourceTree = BUILT_PRODUCTS_DIR; };
		1DD6A20B28426FF60001AFF5 /* XRayExampleTests.swift */ = {isa = PBXFileReference; lastKnownFileType = sourcecode.swift; path = XRayExampleTests.swift; sourceTree = "<group>"; };
		1DD6A21128426FF60001AFF5 /* XRayExampleUITests.xctest */ = {isa = PBXFileReference; explicitFileType = wrapper.cfbundle; includeInIndex = 0; path = XRayExampleUITests.xctest; sourceTree = BUILT_PRODUCTS_DIR; };
		1DD6A21528426FF60001AFF5 /* XRayExampleUITests.swift */ = {isa = PBXFileReference; lastKnownFileType = sourcecode.swift; path = XRayExampleUITests.swift; sourceTree = "<group>"; };
		1DD6A21728426FF60001AFF5 /* XRayExampleUITestsLaunchTests.swift */ = {isa = PBXFileReference; lastKnownFileType = sourcecode.swift; path = XRayExampleUITestsLaunchTests.swift; sourceTree = "<group>"; };
		1DD6A2242842700C0001AFF5 /* UsernameRegistrationView.swift */ = {isa = PBXFileReference; lastKnownFileType = sourcecode.swift; path = UsernameRegistrationView.swift; sourceTree = "<group>"; };
/* End PBXFileReference section */

/* Begin PBXFrameworksBuildPhase section */
		1DD6A1EE28426FF50001AFF5 /* Frameworks */ = {
			isa = PBXFrameworksBuildPhase;
			buildActionMask = 2147483647;
			files = (
				1D4760AC2842727B008159FA /* XRay in Frameworks */,
			);
			runOnlyForDeploymentPostprocessing = 0;
		};
		1DD6A20428426FF60001AFF5 /* Frameworks */ = {
			isa = PBXFrameworksBuildPhase;
			buildActionMask = 2147483647;
			files = (
			);
			runOnlyForDeploymentPostprocessing = 0;
		};
		1DD6A20E28426FF60001AFF5 /* Frameworks */ = {
			isa = PBXFrameworksBuildPhase;
			buildActionMask = 2147483647;
			files = (
			);
			runOnlyForDeploymentPostprocessing = 0;
		};
/* End PBXFrameworksBuildPhase section */

/* Begin PBXGroup section */
		1DD6A1E828426FF50001AFF5 = {
			isa = PBXGroup;
			children = (
				1DD6A1F328426FF50001AFF5 /* XRayExample */,
				1DD6A20A28426FF60001AFF5 /* XRayExampleTests */,
				1DD6A21428426FF60001AFF5 /* XRayExampleUITests */,
				1DD6A1F228426FF50001AFF5 /* Products */,
			);
			sourceTree = "<group>";
		};
		1DD6A1F228426FF50001AFF5 /* Products */ = {
			isa = PBXGroup;
			children = (
				1DD6A1F128426FF50001AFF5 /* XRayExample.app */,
				1DD6A20728426FF60001AFF5 /* XRayExampleTests.xctest */,
				1DD6A21128426FF60001AFF5 /* XRayExampleUITests.xctest */,
			);
			name = Products;
			sourceTree = "<group>";
		};
		1DD6A1F328426FF50001AFF5 /* XRayExample */ = {
			isa = PBXGroup;
			children = (
				1DD6A1F428426FF50001AFF5 /* AppDelegate.swift */,
				1DD6A1F628426FF50001AFF5 /* SceneDelegate.swift */,
				1DD6A1F828426FF50001AFF5 /* XRayRootViewController.swift */,
				1DD6A1FA28426FF50001AFF5 /* Main.storyboard */,
				1DD6A1FD28426FF50001AFF5 /* Assets.xcassets */,
				1DD6A1FF28426FF50001AFF5 /* LaunchScreen.storyboard */,
				1DD6A20228426FF50001AFF5 /* Info.plist */,
				1DD6A2242842700C0001AFF5 /* UsernameRegistrationView.swift */,
			);
			path = XRayExample;
			sourceTree = "<group>";
		};
		1DD6A20A28426FF60001AFF5 /* XRayExampleTests */ = {
			isa = PBXGroup;
			children = (
				1DD6A20B28426FF60001AFF5 /* XRayExampleTests.swift */,
			);
			path = XRayExampleTests;
			sourceTree = "<group>";
		};
		1DD6A21428426FF60001AFF5 /* XRayExampleUITests */ = {
			isa = PBXGroup;
			children = (
				1DD6A21528426FF60001AFF5 /* XRayExampleUITests.swift */,
				1DD6A21728426FF60001AFF5 /* XRayExampleUITestsLaunchTests.swift */,
			);
			path = XRayExampleUITests;
			sourceTree = "<group>";
		};
/* End PBXGroup section */

/* Begin PBXNativeTarget section */
		1DD6A1F028426FF50001AFF5 /* XRayExample */ = {
			isa = PBXNativeTarget;
			buildConfigurationList = 1DD6A21B28426FF60001AFF5 /* Build configuration list for PBXNativeTarget "XRayExample" */;
			buildPhases = (
				1DD6A1ED28426FF50001AFF5 /* Sources */,
				1DD6A1EE28426FF50001AFF5 /* Frameworks */,
				1DD6A1EF28426FF50001AFF5 /* Resources */,
			);
			buildRules = (
			);
			dependencies = (
			);
			name = XRayExample;
			packageProductDependencies = (
				1D4760AB2842727B008159FA /* XRay */,
			);
			productName = XRayExample;
			productReference = 1DD6A1F128426FF50001AFF5 /* XRayExample.app */;
			productType = "com.apple.product-type.application";
		};
		1DD6A20628426FF60001AFF5 /* XRayExampleTests */ = {
			isa = PBXNativeTarget;
			buildConfigurationList = 1DD6A21E28426FF60001AFF5 /* Build configuration list for PBXNativeTarget "XRayExampleTests" */;
			buildPhases = (
				1DD6A20328426FF60001AFF5 /* Sources */,
				1DD6A20428426FF60001AFF5 /* Frameworks */,
				1DD6A20528426FF60001AFF5 /* Resources */,
			);
			buildRules = (
			);
			dependencies = (
				1DD6A20928426FF60001AFF5 /* PBXTargetDependency */,
			);
			name = XRayExampleTests;
			productName = XRayExampleTests;
			productReference = 1DD6A20728426FF60001AFF5 /* XRayExampleTests.xctest */;
			productType = "com.apple.product-type.bundle.unit-test";
		};
		1DD6A21028426FF60001AFF5 /* XRayExampleUITests */ = {
			isa = PBXNativeTarget;
			buildConfigurationList = 1DD6A22128426FF60001AFF5 /* Build configuration list for PBXNativeTarget "XRayExampleUITests" */;
			buildPhases = (
				1DD6A20D28426FF60001AFF5 /* Sources */,
				1DD6A20E28426FF60001AFF5 /* Frameworks */,
				1DD6A20F28426FF60001AFF5 /* Resources */,
			);
			buildRules = (
			);
			dependencies = (
				1DD6A21328426FF60001AFF5 /* PBXTargetDependency */,
			);
			name = XRayExampleUITests;
			productName = XRayExampleUITests;
			productReference = 1DD6A21128426FF60001AFF5 /* XRayExampleUITests.xctest */;
			productType = "com.apple.product-type.bundle.ui-testing";
		};
/* End PBXNativeTarget section */

/* Begin PBXProject section */
		1DD6A1E928426FF50001AFF5 /* Project object */ = {
			isa = PBXProject;
			attributes = {
				BuildIndependentTargetsInParallel = 1;
				LastSwiftUpdateCheck = 1340;
				LastUpgradeCheck = 1340;
				TargetAttributes = {
					1DD6A1F028426FF50001AFF5 = {
						CreatedOnToolsVersion = 13.4;
					};
					1DD6A20628426FF60001AFF5 = {
						CreatedOnToolsVersion = 13.4;
						TestTargetID = 1DD6A1F028426FF50001AFF5;
					};
					1DD6A21028426FF60001AFF5 = {
						CreatedOnToolsVersion = 13.4;
						TestTargetID = 1DD6A1F028426FF50001AFF5;
					};
				};
			};
			buildConfigurationList = 1DD6A1EC28426FF50001AFF5 /* Build configuration list for PBXProject "XRayExample" */;
			compatibilityVersion = "Xcode 13.0";
			developmentRegion = en;
			hasScannedForEncodings = 0;
			knownRegions = (
				en,
				Base,
			);
			mainGroup = 1DD6A1E828426FF50001AFF5;
			packageReferences = (
				1D4760AA2842727B008159FA /* XCRemoteSwiftPackageReference "XRay" */,
			);
			productRefGroup = 1DD6A1F228426FF50001AFF5 /* Products */;
			projectDirPath = "";
			projectRoot = "";
			targets = (
				1DD6A1F028426FF50001AFF5 /* XRayExample */,
				1DD6A20628426FF60001AFF5 /* XRayExampleTests */,
				1DD6A21028426FF60001AFF5 /* XRayExampleUITests */,
			);
		};
/* End PBXProject section */

/* Begin PBXResourcesBuildPhase section */
		1DD6A1EF28426FF50001AFF5 /* Resources */ = {
			isa = PBXResourcesBuildPhase;
			buildActionMask = 2147483647;
			files = (
				1DD6A20128426FF50001AFF5 /* LaunchScreen.storyboard in Resources */,
				1DD6A1FE28426FF50001AFF5 /* Assets.xcassets in Resources */,
				1DD6A1FC28426FF50001AFF5 /* Main.storyboard in Resources */,
			);
			runOnlyForDeploymentPostprocessing = 0;
		};
		1DD6A20528426FF60001AFF5 /* Resources */ = {
			isa = PBXResourcesBuildPhase;
			buildActionMask = 2147483647;
			files = (
			);
			runOnlyForDeploymentPostprocessing = 0;
		};
		1DD6A20F28426FF60001AFF5 /* Resources */ = {
			isa = PBXResourcesBuildPhase;
			buildActionMask = 2147483647;
			files = (
			);
			runOnlyForDeploymentPostprocessing = 0;
		};
/* End PBXResourcesBuildPhase section */

/* Begin PBXSourcesBuildPhase section */
		1DD6A1ED28426FF50001AFF5 /* Sources */ = {
			isa = PBXSourcesBuildPhase;
			buildActionMask = 2147483647;
			files = (
				1DD6A1F928426FF50001AFF5 /* XRayRootViewController.swift in Sources */,
				1DD6A1F528426FF50001AFF5 /* AppDelegate.swift in Sources */,
				1DD6A1F728426FF50001AFF5 /* SceneDelegate.swift in Sources */,
				1DD6A2252842700C0001AFF5 /* UsernameRegistrationView.swift in Sources */,
			);
			runOnlyForDeploymentPostprocessing = 0;
		};
		1DD6A20328426FF60001AFF5 /* Sources */ = {
			isa = PBXSourcesBuildPhase;
			buildActionMask = 2147483647;
			files = (
				1DD6A20C28426FF60001AFF5 /* XRayExampleTests.swift in Sources */,
			);
			runOnlyForDeploymentPostprocessing = 0;
		};
		1DD6A20D28426FF60001AFF5 /* Sources */ = {
			isa = PBXSourcesBuildPhase;
			buildActionMask = 2147483647;
			files = (
				1DD6A21628426FF60001AFF5 /* XRayExampleUITests.swift in Sources */,
				1DD6A21828426FF60001AFF5 /* XRayExampleUITestsLaunchTests.swift in Sources */,
			);
			runOnlyForDeploymentPostprocessing = 0;
		};
/* End PBXSourcesBuildPhase section */

/* Begin PBXTargetDependency section */
		1DD6A20928426FF60001AFF5 /* PBXTargetDependency */ = {
			isa = PBXTargetDependency;
			target = 1DD6A1F028426FF50001AFF5 /* XRayExample */;
			targetProxy = 1DD6A20828426FF60001AFF5 /* PBXContainerItemProxy */;
		};
		1DD6A21328426FF60001AFF5 /* PBXTargetDependency */ = {
			isa = PBXTargetDependency;
			target = 1DD6A1F028426FF50001AFF5 /* XRayExample */;
			targetProxy = 1DD6A21228426FF60001AFF5 /* PBXContainerItemProxy */;
		};
/* End PBXTargetDependency section */

/* Begin PBXVariantGroup section */
		1DD6A1FA28426FF50001AFF5 /* Main.storyboard */ = {
			isa = PBXVariantGroup;
			children = (
				1DD6A1FB28426FF50001AFF5 /* Base */,
			);
			name = Main.storyboard;
			sourceTree = "<group>";
		};
		1DD6A1FF28426FF50001AFF5 /* LaunchScreen.storyboard */ = {
			isa = PBXVariantGroup;
			children = (
				1DD6A20028426FF50001AFF5 /* Base */,
			);
			name = LaunchScreen.storyboard;
			sourceTree = "<group>";
		};
/* End PBXVariantGroup section */

/* Begin XCBuildConfiguration section */
		1DD6A21928426FF60001AFF5 /* Debug */ = {
			isa = XCBuildConfiguration;
			buildSettings = {
				ALWAYS_SEARCH_USER_PATHS = NO;
				CLANG_ANALYZER_NONNULL = YES;
				CLANG_ANALYZER_NUMBER_OBJECT_CONVERSION = YES_AGGRESSIVE;
				CLANG_CXX_LANGUAGE_STANDARD = "gnu++17";
				CLANG_ENABLE_MODULES = YES;
				CLANG_ENABLE_OBJC_ARC = YES;
				CLANG_ENABLE_OBJC_WEAK = YES;
				CLANG_WARN_BLOCK_CAPTURE_AUTORELEASING = YES;
				CLANG_WARN_BOOL_CONVERSION = YES;
				CLANG_WARN_COMMA = YES;
				CLANG_WARN_CONSTANT_CONVERSION = YES;
				CLANG_WARN_DEPRECATED_OBJC_IMPLEMENTATIONS = YES;
				CLANG_WARN_DIRECT_OBJC_ISA_USAGE = YES_ERROR;
				CLANG_WARN_DOCUMENTATION_COMMENTS = YES;
				CLANG_WARN_EMPTY_BODY = YES;
				CLANG_WARN_ENUM_CONVERSION = YES;
				CLANG_WARN_INFINITE_RECURSION = YES;
				CLANG_WARN_INT_CONVERSION = YES;
				CLANG_WARN_NON_LITERAL_NULL_CONVERSION = YES;
				CLANG_WARN_OBJC_IMPLICIT_RETAIN_SELF = YES;
				CLANG_WARN_OBJC_LITERAL_CONVERSION = YES;
				CLANG_WARN_OBJC_ROOT_CLASS = YES_ERROR;
				CLANG_WARN_QUOTED_INCLUDE_IN_FRAMEWORK_HEADER = YES;
				CLANG_WARN_RANGE_LOOP_ANALYSIS = YES;
				CLANG_WARN_STRICT_PROTOTYPES = YES;
				CLANG_WARN_SUSPICIOUS_MOVE = YES;
				CLANG_WARN_UNGUARDED_AVAILABILITY = YES_AGGRESSIVE;
				CLANG_WARN_UNREACHABLE_CODE = YES;
				CLANG_WARN__DUPLICATE_METHOD_MATCH = YES;
				COPY_PHASE_STRIP = NO;
				DEBUG_INFORMATION_FORMAT = dwarf;
				ENABLE_STRICT_OBJC_MSGSEND = YES;
				ENABLE_TESTABILITY = YES;
				GCC_C_LANGUAGE_STANDARD = gnu11;
				GCC_DYNAMIC_NO_PIC = NO;
				GCC_NO_COMMON_BLOCKS = YES;
				GCC_OPTIMIZATION_LEVEL = 0;
				GCC_PREPROCESSOR_DEFINITIONS = (
					"DEBUG=1",
					"$(inherited)",
				);
				GCC_WARN_64_TO_32_BIT_CONVERSION = YES;
				GCC_WARN_ABOUT_RETURN_TYPE = YES_ERROR;
				GCC_WARN_UNDECLARED_SELECTOR = YES;
				GCC_WARN_UNINITIALIZED_AUTOS = YES_AGGRESSIVE;
				GCC_WARN_UNUSED_FUNCTION = YES;
				GCC_WARN_UNUSED_VARIABLE = YES;
				IPHONEOS_DEPLOYMENT_TARGET = 15.5;
				MTL_ENABLE_DEBUG_INFO = INCLUDE_SOURCE;
				MTL_FAST_MATH = YES;
				ONLY_ACTIVE_ARCH = YES;
				SDKROOT = iphoneos;
				SWIFT_ACTIVE_COMPILATION_CONDITIONS = DEBUG;
				SWIFT_OPTIMIZATION_LEVEL = "-Onone";
			};
			name = Debug;
		};
		1DD6A21A28426FF60001AFF5 /* Release */ = {
			isa = XCBuildConfiguration;
			buildSettings = {
				ALWAYS_SEARCH_USER_PATHS = NO;
				CLANG_ANALYZER_NONNULL = YES;
				CLANG_ANALYZER_NUMBER_OBJECT_CONVERSION = YES_AGGRESSIVE;
				CLANG_CXX_LANGUAGE_STANDARD = "gnu++17";
				CLANG_ENABLE_MODULES = YES;
				CLANG_ENABLE_OBJC_ARC = YES;
				CLANG_ENABLE_OBJC_WEAK = YES;
				CLANG_WARN_BLOCK_CAPTURE_AUTORELEASING = YES;
				CLANG_WARN_BOOL_CONVERSION = YES;
				CLANG_WARN_COMMA = YES;
				CLANG_WARN_CONSTANT_CONVERSION = YES;
				CLANG_WARN_DEPRECATED_OBJC_IMPLEMENTATIONS = YES;
				CLANG_WARN_DIRECT_OBJC_ISA_USAGE = YES_ERROR;
				CLANG_WARN_DOCUMENTATION_COMMENTS = YES;
				CLANG_WARN_EMPTY_BODY = YES;
				CLANG_WARN_ENUM_CONVERSION = YES;
				CLANG_WARN_INFINITE_RECURSION = YES;
				CLANG_WARN_INT_CONVERSION = YES;
				CLANG_WARN_NON_LITERAL_NULL_CONVERSION = YES;
				CLANG_WARN_OBJC_IMPLICIT_RETAIN_SELF = YES;
				CLANG_WARN_OBJC_LITERAL_CONVERSION = YES;
				CLANG_WARN_OBJC_ROOT_CLASS = YES_ERROR;
				CLANG_WARN_QUOTED_INCLUDE_IN_FRAMEWORK_HEADER = YES;
				CLANG_WARN_RANGE_LOOP_ANALYSIS = YES;
				CLANG_WARN_STRICT_PROTOTYPES = YES;
				CLANG_WARN_SUSPICIOUS_MOVE = YES;
				CLANG_WARN_UNGUARDED_AVAILABILITY = YES_AGGRESSIVE;
				CLANG_WARN_UNREACHABLE_CODE = YES;
				CLANG_WARN__DUPLICATE_METHOD_MATCH = YES;
				COPY_PHASE_STRIP = NO;
				DEBUG_INFORMATION_FORMAT = "dwarf-with-dsym";
				ENABLE_NS_ASSERTIONS = NO;
				ENABLE_STRICT_OBJC_MSGSEND = YES;
				GCC_C_LANGUAGE_STANDARD = gnu11;
				GCC_NO_COMMON_BLOCKS = YES;
				GCC_WARN_64_TO_32_BIT_CONVERSION = YES;
				GCC_WARN_ABOUT_RETURN_TYPE = YES_ERROR;
				GCC_WARN_UNDECLARED_SELECTOR = YES;
				GCC_WARN_UNINITIALIZED_AUTOS = YES_AGGRESSIVE;
				GCC_WARN_UNUSED_FUNCTION = YES;
				GCC_WARN_UNUSED_VARIABLE = YES;
				IPHONEOS_DEPLOYMENT_TARGET = 15.5;
				MTL_ENABLE_DEBUG_INFO = NO;
				MTL_FAST_MATH = YES;
				SDKROOT = iphoneos;
				SWIFT_COMPILATION_MODE = wholemodule;
				SWIFT_OPTIMIZATION_LEVEL = "-O";
				VALIDATE_PRODUCT = YES;
			};
			name = Release;
		};
		1DD6A21C28426FF60001AFF5 /* Debug */ = {
			isa = XCBuildConfiguration;
			buildSettings = {
				ASSETCATALOG_COMPILER_APPICON_NAME = AppIcon;
				ASSETCATALOG_COMPILER_GLOBAL_ACCENT_COLOR_NAME = AccentColor;
				CODE_SIGN_STYLE = Automatic;
				CURRENT_PROJECT_VERSION = 1;
				DEVELOPMENT_TEAM = 8V5JV6976E;
				GENERATE_INFOPLIST_FILE = YES;
				INFOPLIST_FILE = XRayExample/Info.plist;
				INFOPLIST_KEY_UIApplicationSupportsIndirectInputEvents = YES;
				INFOPLIST_KEY_UILaunchStoryboardName = LaunchScreen;
				INFOPLIST_KEY_UIMainStoryboardFile = Main;
				INFOPLIST_KEY_UISupportedInterfaceOrientations_iPad = "UIInterfaceOrientationPortrait UIInterfaceOrientationPortraitUpsideDown UIInterfaceOrientationLandscapeLeft UIInterfaceOrientationLandscapeRight";
				INFOPLIST_KEY_UISupportedInterfaceOrientations_iPhone = "UIInterfaceOrientationPortrait UIInterfaceOrientationLandscapeLeft UIInterfaceOrientationLandscapeRight";
				LD_RUNPATH_SEARCH_PATHS = (
					"$(inherited)",
					"@executable_path/Frameworks",
				);
				MARKETING_VERSION = 1.0;
				PRODUCT_BUNDLE_IDENTIFIER = com.shawnbaek.opensource.XRayExample;
				PRODUCT_NAME = "$(TARGET_NAME)";
				SWIFT_EMIT_LOC_STRINGS = YES;
				SWIFT_VERSION = 5.0;
				TARGETED_DEVICE_FAMILY = "1,2";
			};
			name = Debug;
		};
		1DD6A21D28426FF60001AFF5 /* Release */ = {
			isa = XCBuildConfiguration;
			buildSettings = {
				ASSETCATALOG_COMPILER_APPICON_NAME = AppIcon;
				ASSETCATALOG_COMPILER_GLOBAL_ACCENT_COLOR_NAME = AccentColor;
				CODE_SIGN_STYLE = Automatic;
				CURRENT_PROJECT_VERSION = 1;
				DEVELOPMENT_TEAM = 8V5JV6976E;
				GENERATE_INFOPLIST_FILE = YES;
				INFOPLIST_FILE = XRayExample/Info.plist;
				INFOPLIST_KEY_UIApplicationSupportsIndirectInputEvents = YES;
				INFOPLIST_KEY_UILaunchStoryboardName = LaunchScreen;
				INFOPLIST_KEY_UIMainStoryboardFile = Main;
				INFOPLIST_KEY_UISupportedInterfaceOrientations_iPad = "UIInterfaceOrientationPortrait UIInterfaceOrientationPortraitUpsideDown UIInterfaceOrientationLandscapeLeft UIInterfaceOrientationLandscapeRight";
				INFOPLIST_KEY_UISupportedInterfaceOrientations_iPhone = "UIInterfaceOrientationPortrait UIInterfaceOrientationLandscapeLeft UIInterfaceOrientationLandscapeRight";
				LD_RUNPATH_SEARCH_PATHS = (
					"$(inherited)",
					"@executable_path/Frameworks",
				);
				MARKETING_VERSION = 1.0;
				PRODUCT_BUNDLE_IDENTIFIER = com.shawnbaek.opensource.XRayExample;
				PRODUCT_NAME = "$(TARGET_NAME)";
				SWIFT_EMIT_LOC_STRINGS = YES;
				SWIFT_VERSION = 5.0;
				TARGETED_DEVICE_FAMILY = "1,2";
			};
			name = Release;
		};
		1DD6A21F28426FF60001AFF5 /* Debug */ = {
			isa = XCBuildConfiguration;
			buildSettings = {
				ALWAYS_EMBED_SWIFT_STANDARD_LIBRARIES = YES;
				BUNDLE_LOADER = "$(TEST_HOST)";
				CODE_SIGN_STYLE = Automatic;
				CURRENT_PROJECT_VERSION = 1;
				DEVELOPMENT_TEAM = 8V5JV6976E;
				GENERATE_INFOPLIST_FILE = YES;
				IPHONEOS_DEPLOYMENT_TARGET = 15.5;
				MARKETING_VERSION = 1.0;
				PRODUCT_BUNDLE_IDENTIFIER = com.shawnbaek.opensource.XRayExampleTests;
				PRODUCT_NAME = "$(TARGET_NAME)";
				SWIFT_EMIT_LOC_STRINGS = NO;
				SWIFT_VERSION = 5.0;
				TARGETED_DEVICE_FAMILY = "1,2";
				TEST_HOST = "$(BUILT_PRODUCTS_DIR)/XRayExample.app/XRayExample";
			};
			name = Debug;
		};
		1DD6A22028426FF60001AFF5 /* Release */ = {
			isa = XCBuildConfiguration;
			buildSettings = {
				ALWAYS_EMBED_SWIFT_STANDARD_LIBRARIES = YES;
				BUNDLE_LOADER = "$(TEST_HOST)";
				CODE_SIGN_STYLE = Automatic;
				CURRENT_PROJECT_VERSION = 1;
				DEVELOPMENT_TEAM = 8V5JV6976E;
				GENERATE_INFOPLIST_FILE = YES;
				IPHONEOS_DEPLOYMENT_TARGET = 15.5;
				MARKETING_VERSION = 1.0;
				PRODUCT_BUNDLE_IDENTIFIER = com.shawnbaek.opensource.XRayExampleTests;
				PRODUCT_NAME = "$(TARGET_NAME)";
				SWIFT_EMIT_LOC_STRINGS = NO;
				SWIFT_VERSION = 5.0;
				TARGETED_DEVICE_FAMILY = "1,2";
				TEST_HOST = "$(BUILT_PRODUCTS_DIR)/XRayExample.app/XRayExample";
			};
			name = Release;
		};
		1DD6A22228426FF60001AFF5 /* Debug */ = {
			isa = XCBuildConfiguration;
			buildSettings = {
				ALWAYS_EMBED_SWIFT_STANDARD_LIBRARIES = YES;
				CODE_SIGN_STYLE = Automatic;
				CURRENT_PROJECT_VERSION = 1;
				DEVELOPMENT_TEAM = 8V5JV6976E;
				GENERATE_INFOPLIST_FILE = YES;
				MARKETING_VERSION = 1.0;
				PRODUCT_BUNDLE_IDENTIFIER = com.shawnbaek.opensource.XRayExampleUITests;
				PRODUCT_NAME = "$(TARGET_NAME)";
				SWIFT_EMIT_LOC_STRINGS = NO;
				SWIFT_VERSION = 5.0;
				TARGETED_DEVICE_FAMILY = "1,2";
				TEST_TARGET_NAME = XRayExample;
			};
			name = Debug;
		};
		1DD6A22328426FF60001AFF5 /* Release */ = {
			isa = XCBuildConfiguration;
			buildSettings = {
				ALWAYS_EMBED_SWIFT_STANDARD_LIBRARIES = YES;
				CODE_SIGN_STYLE = Automatic;
				CURRENT_PROJECT_VERSION = 1;
				DEVELOPMENT_TEAM = 8V5JV6976E;
				GENERATE_INFOPLIST_FILE = YES;
				MARKETING_VERSION = 1.0;
				PRODUCT_BUNDLE_IDENTIFIER = com.shawnbaek.opensource.XRayExampleUITests;
				PRODUCT_NAME = "$(TARGET_NAME)";
				SWIFT_EMIT_LOC_STRINGS = NO;
				SWIFT_VERSION = 5.0;
				TARGETED_DEVICE_FAMILY = "1,2";
				TEST_TARGET_NAME = XRayExample;
			};
			name = Release;
		};
/* End XCBuildConfiguration section */

/* Begin XCConfigurationList section */
		1DD6A1EC28426FF50001AFF5 /* Build configuration list for PBXProject "XRayExample" */ = {
			isa = XCConfigurationList;
			buildConfigurations = (
				1DD6A21928426FF60001AFF5 /* Debug */,
				1DD6A21A28426FF60001AFF5 /* Release */,
			);
			defaultConfigurationIsVisible = 0;
			defaultConfigurationName = Release;
		};
		1DD6A21B28426FF60001AFF5 /* Build configuration list for PBXNativeTarget "XRayExample" */ = {
			isa = XCConfigurationList;
			buildConfigurations = (
				1DD6A21C28426FF60001AFF5 /* Debug */,
				1DD6A21D28426FF60001AFF5 /* Release */,
			);
			defaultConfigurationIsVisible = 0;
			defaultConfigurationName = Release;
		};
		1DD6A21E28426FF60001AFF5 /* Build configuration list for PBXNativeTarget "XRayExampleTests" */ = {
			isa = XCConfigurationList;
			buildConfigurations = (
				1DD6A21F28426FF60001AFF5 /* Debug */,
				1DD6A22028426FF60001AFF5 /* Release */,
			);
			defaultConfigurationIsVisible = 0;
			defaultConfigurationName = Release;
		};
		1DD6A22128426FF60001AFF5 /* Build configuration list for PBXNativeTarget "XRayExampleUITests" */ = {
			isa = XCConfigurationList;
			buildConfigurations = (
				1DD6A22228426FF60001AFF5 /* Debug */,
				1DD6A22328426FF60001AFF5 /* Release */,
			);
			defaultConfigurationIsVisible = 0;
			defaultConfigurationName = Release;
		};
/* End XCConfigurationList section */

/* Begin XCRemoteSwiftPackageReference section */
		1D4760AA2842727B008159FA /* XCRemoteSwiftPackageReference "XRay" */ = {
			isa = XCRemoteSwiftPackageReference;
			repositoryURL = "https://github.com/ShawnBaek/XRay.git";
			requirement = {
				kind = upToNextMajorVersion;
				minimumVersion = 1.0.0;
			};
		};
/* End XCRemoteSwiftPackageReference section */

/* Begin XCSwiftPackageProductDependency section */
		1D4760AB2842727B008159FA /* XRay */ = {
			isa = XCSwiftPackageProductDependency;
			package = 1D4760AA2842727B008159FA /* XCRemoteSwiftPackageReference "XRay" */;
			productName = XRay;
		};
/* End XCSwiftPackageProductDependency section */
	};
	rootObject = 1DD6A1E928426FF50001AFF5 /* Project object */;
}
